
Microsoft Visual Studio Solution File, Format Version 12.00
# Visual Studio Version 17
VisualStudioVersion = 17.11.35222.181
MinimumVisualStudioVersion = 10.0.40219.1
Project("{888888A0-9F3D-457C-B088-3A5042F75D52}") = "assembler", "assembler\assembler.pyproj", "{76A95F0F-5CA8-4D90-91EC-4552C7391FDD}"
EndProject
Global
	GlobalSection(SolutionConfigurationPlatforms) = preSolution
		Debug|Any CPU = Debug|Any CPU
		Release|Any CPU = Release|Any CPU
	EndGlobalSection
	GlobalSection(ProjectConfigurationPlatforms) = postSolution
		{76A95F0F-5CA8-4D90-91EC-4552C7391FDD}.Debug|Any CPU.ActiveCfg = Debug|Any CPU
		{76A95F0F-5CA8-4D90-91EC-4552C7391FDD}.Release|Any CPU.ActiveCfg = Release|Any CPU
	EndGlobalSection
	GlobalSection(SolutionProperties) = preSolution
		HideSolutionNode = FALSE
	EndGlobalSection
	GlobalSection(ExtensibilityGlobals) = postSolution
		SolutionGuid = {232DBE10-3D0A-4E48-BB15-11E06F88888B}
	EndGlobalSection
EndGlobal
