
Microsoft Visual Studio Solution File, Format Version 12.00
# Visual Studio Version 17
VisualStudioVersion = 17.11.35222.181
MinimumVisualStudioVersion = 10.0.40219.1
Project("{888888A0-9F3D-457C-B088-3A5042F75D52}") = "interpreter", "interpreter\interpreter.pyproj", "{E13B07CE-ED11-4E70-956E-B07389483FA2}"
EndProject
Global
	GlobalSection(SolutionConfigurationPlatforms) = preSolution
		Debug|Any CPU = Debug|Any CPU
		Release|Any CPU = Release|Any CPU
	EndGlobalSection
	GlobalSection(ProjectConfigurationPlatforms) = postSolution
		{E13B07CE-ED11-4E70-956E-B07389483FA2}.Debug|Any CPU.ActiveCfg = Debug|Any CPU
		{E13B07CE-ED11-4E70-956E-B07389483FA2}.Release|Any CPU.ActiveCfg = Release|Any CPU
	EndGlobalSection
	GlobalSection(SolutionProperties) = preSolution
		HideSolutionNode = FALSE
	EndGlobalSection
	GlobalSection(ExtensibilityGlobals) = postSolution
		SolutionGuid = {95DEEA1F-406F-4D98-945C-4CD159388D9B}
	EndGlobalSection
EndGlobal
