
Microsoft Visual Studio Solution File, Format Version 12.00
# Visual Studio Version 17
VisualStudioVersion = 17.11.35222.181
MinimumVisualStudioVersion = 10.0.40219.1
Project("{888888A0-9F3D-457C-B088-3A5042F75D52}") = "main", "main\main.pyproj", "{87EA0984-AE2B-4C4F-AE24-0ACAD02251B0}"
EndProject
Global
	GlobalSection(SolutionConfigurationPlatforms) = preSolution
		Debug|Any CPU = Debug|Any CPU
		Release|Any CPU = Release|Any CPU
	EndGlobalSection
	GlobalSection(ProjectConfigurationPlatforms) = postSolution
		{87EA0984-AE2B-4C4F-AE24-0ACAD02251B0}.Debug|Any CPU.ActiveCfg = Debug|Any CPU
		{87EA0984-AE2B-4C4F-AE24-0ACAD02251B0}.Release|Any CPU.ActiveCfg = Release|Any CPU
	EndGlobalSection
	GlobalSection(SolutionProperties) = preSolution
		HideSolutionNode = FALSE
	EndGlobalSection
	GlobalSection(ExtensibilityGlobals) = postSolution
		SolutionGuid = {8E45B52F-84B3-43B9-9CCF-DFD7BA2B8A2F}
	EndGlobalSection
EndGlobal
