
Microsoft Visual Studio Solution File, Format Version 12.00
# Visual Studio Version 17
VisualStudioVersion = 17.11.35222.181
MinimumVisualStudioVersion = 10.0.40219.1
Project("{888888A0-9F3D-457C-B088-3A5042F75D52}") = "utils", "utils\utils.pyproj", "{D5CA0E95-9A9A-4773-AE26-44CE9FEBF868}"
EndProject
Global
	GlobalSection(SolutionConfigurationPlatforms) = preSolution
		Debug|Any CPU = Debug|Any CPU
		Release|Any CPU = Release|Any CPU
	EndGlobalSection
	GlobalSection(ProjectConfigurationPlatforms) = postSolution
		{D5CA0E95-9A9A-4773-AE26-44CE9FEBF868}.Debug|Any CPU.ActiveCfg = Debug|Any CPU
		{D5CA0E95-9A9A-4773-AE26-44CE9FEBF868}.Release|Any CPU.ActiveCfg = Release|Any CPU
	EndGlobalSection
	GlobalSection(SolutionProperties) = preSolution
		HideSolutionNode = FALSE
	EndGlobalSection
	GlobalSection(ExtensibilityGlobals) = postSolution
		SolutionGuid = {36A0BEFA-4BC5-45D5-B3E0-FDF73CA9850B}
	EndGlobalSection
EndGlobal
