
Microsoft Visual Studio Solution File, Format Version 12.00
# Visual Studio Version 17
VisualStudioVersion = 17.11.35222.181
MinimumVisualStudioVersion = 10.0.40219.1
Project("{888888A0-9F3D-457C-B088-3A5042F75D52}") = "__init__.py", "__init__.py\__init__.py.pyproj", "{DE5ADD00-642E-4857-A748-876A80FC8668}"
EndProject
Global
	GlobalSection(SolutionConfigurationPlatforms) = preSolution
		Debug|Any CPU = Debug|Any CPU
		Release|Any CPU = Release|Any CPU
	EndGlobalSection
	GlobalSection(ProjectConfigurationPlatforms) = postSolution
		{DE5ADD00-642E-4857-A748-876A80FC8668}.Debug|Any CPU.ActiveCfg = Debug|Any CPU
		{DE5ADD00-642E-4857-A748-876A80FC8668}.Release|Any CPU.ActiveCfg = Release|Any CPU
	EndGlobalSection
	GlobalSection(SolutionProperties) = preSolution
		HideSolutionNode = FALSE
	EndGlobalSection
	GlobalSection(ExtensibilityGlobals) = postSolution
		SolutionGuid = {1F5095D5-B675-4D04-A45C-4C624EE19798}
	EndGlobalSection
EndGlobal
